
Microsoft Visual Studio Solution File, Format Version 12.00
# Visual Studio Version 16
VisualStudioVersion = 16.0.31402.337
MinimumVisualStudioVersion = 10.0.40219.1
Project("{FAE04EC0-301F-11D3-BF4B-00C04F79EFBC}") = "Lê Công Hậu-1811061499", "Lê Công Hậu-1811061499\Lê Công Hậu-1811061499.csproj", "{C69B3560-A6B0-4EE5-99E7-11606DE52484}"
EndProject
Global
	GlobalSection(SolutionConfigurationPlatforms) = preSolution
		Debug|Any CPU = Debug|Any CPU
		Release|Any CPU = Release|Any CPU
	EndGlobalSection
	GlobalSection(ProjectConfigurationPlatforms) = postSolution
		{C69B3560-A6B0-4EE5-99E7-11606DE52484}.Debug|Any CPU.ActiveCfg = Debug|Any CPU
		{C69B3560-A6B0-4EE5-99E7-11606DE52484}.Debug|Any CPU.Build.0 = Debug|Any CPU
		{C69B3560-A6B0-4EE5-99E7-11606DE52484}.Release|Any CPU.ActiveCfg = Release|Any CPU
		{C69B3560-A6B0-4EE5-99E7-11606DE52484}.Release|Any CPU.Build.0 = Release|Any CPU
	EndGlobalSection
	GlobalSection(SolutionProperties) = preSolution
		HideSolutionNode = FALSE
	EndGlobalSection
	GlobalSection(ExtensibilityGlobals) = postSolution
		SolutionGuid = {7D7B322B-6DFE-48B0-B642-1E87130BAC30}
	EndGlobalSection
EndGlobal
